<?xml version="1.0" encoding="utf-8"?>
<Project ToolsVersion="4.0" xmlns="http://schemas.microsoft.com/developer/msbuild/2003">
  <ItemGroup>
    <Filter Include="Файлы исходного кода">
      <UniqueIdentifier>{4FC737F1-C7A5-4376-A066-2A32D752A2FF}</UniqueIdentifier>
      <Extensions>cpp;c;cc;cxx;def;odl;idl;hpj;bat;asm;asmx</Extensions>
    </Filter>
    <Filter Include="Заголовочные файлы">
      <UniqueIdentifier>{93995380-89BD-4b04-88EB-625FBE52EBFB}</UniqueIdentifier>
      <Extensions>h;hh;hpp;hxx;hm;inl;inc;xsd</Extensions>
    </Filter>
    <Filter Include="Файлы ресурсов">
      <UniqueIdentifier>{67DA6AB6-F800-4c08-8B7A-83BB121AAD01}</UniqueIdentifier>
      <Extensions>rc;ico;cur;bmp;dlg;rc2;rct;bin;rgs;gif;jpg;jpeg;jpe;resx;tiff;tif;png;wav;mfcribbon-ms</Extensions>
    </Filter>
    <Filter Include="Ship">
      <UniqueIdentifier>{1b71b731-5a3c-431c-ac72-44f5a2572948}</UniqueIdentifier>
    </Filter>
    <Filter Include="Common">
      <UniqueIdentifier>{5199c426-4db0-4727-982a-a4738ff09ffc}</UniqueIdentifier>
    </Filter>
    <Filter Include="Projectile">
      <UniqueIdentifier>{b162ba44-6a62-4ea5-a8f4-c61e8f3d0ccc}</UniqueIdentifier>
    </Filter>
    <Filter Include="Player">
      <UniqueIdentifier>{86f132cf-3117-442b-9982-d8276ded14e6}</UniqueIdentifier>
    </Filter>
    <Filter Include="ShipModules">
      <UniqueIdentifier>{ab9e369a-2a60-4ba2-b475-1f44085f4e15}</UniqueIdentifier>
    </Filter>
    <Filter Include="items">
      <UniqueIdentifier>{b3b9a07b-2500-4387-9f71-1e844f7ad1e2}</UniqueIdentifier>
    </Filter>
    <Filter Include="Adventure">
      <UniqueIdentifier>{744927a1-1193-45ca-8347-ebfa62678f0f}</UniqueIdentifier>
    </Filter>
    <Filter Include="Scripts">
      <UniqueIdentifier>{b088f5d7-272b-47b6-aa7d-5ecb53d8eb9d}</UniqueIdentifier>
    </Filter>
  </ItemGroup>
  <ItemGroup>
    <ClCompile Include="Core.cpp">
      <Filter>Файлы исходного кода</Filter>
    </ClCompile>
    <ClCompile Include="Sources\Graphics.cpp">
      <Filter>Файлы исходного кода</Filter>
    </ClCompile>
    <ClCompile Include="Sources\Battle.cpp">
      <Filter>Файлы исходного кода</Filter>
    </ClCompile>
    <ClCompile Include="Sources\Globals.cpp">
      <Filter>Файлы исходного кода</Filter>
    </ClCompile>
    <ClCompile Include="Sources\UI.cpp">
      <Filter>Файлы исходного кода</Filter>
    </ClCompile>
    <ClCompile Include="editor.cpp">
      <Filter>Файлы исходного кода</Filter>
    </ClCompile>
    <ClCompile Include="Sources\Ship.cpp">
      <Filter>Ship</Filter>
    </ClCompile>
    <ClCompile Include="Sources\module.cpp">
      <Filter>ShipModules</Filter>
    </ClCompile>
    <ClCompile Include="Sources\Projectile.cpp">
      <Filter>Projectile</Filter>
    </ClCompile>
    <ClCompile Include="Menu.cpp">
      <Filter>Файлы исходного кода</Filter>
    </ClCompile>
    <ClCompile Include="Sources\Player.cpp">
      <Filter>Player</Filter>
    </ClCompile>
    <ClCompile Include="Talking.cpp">
      <Filter>Файлы исходного кода</Filter>
    </ClCompile>
    <ClCompile Include="tview.cpp">
      <Filter>Файлы исходного кода</Filter>
    </ClCompile>
    <ClCompile Include="Sources\Adventure_base.cpp">
      <Filter>Adventure</Filter>
    </ClCompile>
    <ClCompile Include="Sources\BattleScripts.cpp">
      <Filter>Scripts</Filter>
    </ClCompile>
  </ItemGroup>
  <ItemGroup>
    <ClInclude Include="editor.h">
      <Filter>Common</Filter>
    </ClInclude>
    <ClInclude Include="Sources\Globals.h">
      <Filter>Common</Filter>
    </ClInclude>
    <ClInclude Include="Sources\Graphics.h">
      <Filter>Common</Filter>
    </ClInclude>
    <ClInclude Include="Sources\Types.h">
      <Filter>Common</Filter>
    </ClInclude>
    <ClInclude Include="Sources\UI.h">
      <Filter>Common</Filter>
    </ClInclude>
    <ClInclude Include="Sources\Ship.h">
      <Filter>Ship</Filter>
    </ClInclude>
    <ClInclude Include="Sources\Battle.h">
      <Filter>Common</Filter>
    </ClInclude>
    <ClInclude Include="Sources\Projectile.h">
      <Filter>Projectile</Filter>
    </ClInclude>
    <ClInclude Include="Sources\Player.h">
      <Filter>Player</Filter>
    </ClInclude>
    <ClInclude Include="Sources\module.h">
      <Filter>ShipModules</Filter>
    </ClInclude>
    <ClInclude Include="Menu.h">
      <Filter>Common</Filter>
    </ClInclude>
    <ClInclude Include="Sources\Items.h">
      <Filter>items</Filter>
    </ClInclude>
    <ClInclude Include="Talking.h">
      <Filter>Заголовочные файлы</Filter>
    </ClInclude>
    <ClInclude Include="tview.h">
      <Filter>Заголовочные файлы</Filter>
    </ClInclude>
    <ClInclude Include="Sources\Adventure_base.h">
      <Filter>Adventure</Filter>
    </ClInclude>
    <ClInclude Include="Sources\BattleScripts.h">
      <Filter>Scripts</Filter>
    </ClInclude>
  </ItemGroup>
</Project>